# This file is automatically @generated by Cargo.
# It is not intended for manual editing.
version = 4

[[package]]
name = "avatar_eth"
version = "0.1.0"
dependencies = [
 "cvitek-eth",
 "kernel_support",
 "log",
]

[[package]]
name = "cvitek-eth"
version = "0.1.0"
dependencies = [
 "log",
 "tock-registers",
]

[[package]]
name = "kernel_support"
version = "0.1.0"
dependencies = [
 "log",
]

[[package]]
name = "log"
version = "0.4.29"
source = "registry+https://github.com/rust-lang/crates.io-index"
checksum = "5e5032e24019045c762d3c0f28f5b6b8bbf38563a65908389bf7978758920897"

[[package]]
name = "tock-registers"
version = "0.9.0"
source = "registry+https://github.com/rust-lang/crates.io-index"
checksum = "2b9e2fdb3a1e862c0661768b7ed25390811df1947a8acbfbefe09b47078d93c4"
